
Microsoft Visual Studio Solution File, Format Version 12.00
# Visual Studio Version 17
VisualStudioVersion = 17.2.32526.322
MinimumVisualStudioVersion = 10.0.40219.1
Project("{FAE04EC0-301F-11D3-BF4B-00C04F79EFBC}") = "Learning_dotnet_rest_api", "Learning_dotnet_rest_api.csproj", "{955BD611-F328-455C-947B-1C81572A746A}"
EndProject
Global
	GlobalSection(SolutionConfigurationPlatforms) = preSolution
		Debug|Any CPU = Debug|Any CPU
		Release|Any CPU = Release|Any CPU
	EndGlobalSection
	GlobalSection(ProjectConfigurationPlatforms) = postSolution
		{955BD611-F328-455C-947B-1C81572A746A}.Debug|Any CPU.ActiveCfg = Debug|Any CPU
		{955BD611-F328-455C-947B-1C81572A746A}.Debug|Any CPU.Build.0 = Debug|Any CPU
		{955BD611-F328-455C-947B-1C81572A746A}.Release|Any CPU.ActiveCfg = Release|Any CPU
		{955BD611-F328-455C-947B-1C81572A746A}.Release|Any CPU.Build.0 = Release|Any CPU
	EndGlobalSection
	GlobalSection(SolutionProperties) = preSolution
		HideSolutionNode = FALSE
	EndGlobalSection
	GlobalSection(ExtensibilityGlobals) = postSolution
		SolutionGuid = {6B6578CF-921A-4BC0-B453-0035A4A965F0}
	EndGlobalSection
EndGlobal
